{
  "name": "stupid_chess",
  "version": "1.0.0",
  "lockfileVersion": 1,
  "babel": {
    "presets": ["env", "react"],
    "plugins": ["@babel/plugin-proposal-decorators", "transform-decorators-legacy", "transform-es2015-arrow-functions",
      "transform-class-properties",
    "transform-object-rest-spread"]
  }
}
